
Microsoft Visual Studio Solution File, Format Version 12.00
# Visual Studio Version 16
VisualStudioVersion = 16.0.31729.503
MinimumVisualStudioVersion = 10.0.40219.1
Project("{8BC9CEB8-8B4A-11D0-8D11-00A0C91BC942}") = "ProtoBot", "ProtoBot.vcxproj", "{F83D9D54-10C7-4192-9970-17AC9024AC55}"
EndProject
Global
	GlobalSection(SolutionConfigurationPlatforms) = preSolution
		Debug|x64 = Debug|x64
		Debug|x86 = Debug|x86
		Release|x64 = Release|x64
		Release|x86 = Release|x86
	EndGlobalSection
	GlobalSection(ProjectConfigurationPlatforms) = postSolution
		{F83D9D54-10C7-4192-9970-17AC9024AC55}.Debug|x64.ActiveCfg = Debug|x64
		{F83D9D54-10C7-4192-9970-17AC9024AC55}.Debug|x64.Build.0 = Debug|x64
		{F83D9D54-10C7-4192-9970-17AC9024AC55}.Debug|x86.ActiveCfg = Debug|Win32
		{F83D9D54-10C7-4192-9970-17AC9024AC55}.Debug|x86.Build.0 = Debug|Win32
		{F83D9D54-10C7-4192-9970-17AC9024AC55}.Release|x64.ActiveCfg = Release|x64
		{F83D9D54-10C7-4192-9970-17AC9024AC55}.Release|x64.Build.0 = Release|x64
		{F83D9D54-10C7-4192-9970-17AC9024AC55}.Release|x86.ActiveCfg = Release|Win32
		{F83D9D54-10C7-4192-9970-17AC9024AC55}.Release|x86.Build.0 = Release|Win32
	EndGlobalSection
	GlobalSection(SolutionProperties) = preSolution
		HideSolutionNode = FALSE
	EndGlobalSection
	GlobalSection(ExtensibilityGlobals) = postSolution
		SolutionGuid = {F869F626-2FB7-4305-9996-C59A1C1FAABC}
	EndGlobalSection
EndGlobal
